{
  "name": "Sawo-blog",
  "lockfileVersion": 2,
  "requires": true,
  "packages": {
    "": {
      "dependencies": {
        "sawo": "^1.0.2"
      }
    },
    "node_modules/sawo": {
      "version": "1.0.2",
      "resolved": "https://registry.npmjs.org/sawo/-/sawo-1.0.2.tgz",
      "integrity": "sha512-o9N4Q+7u5pAkXf3jj4Q0UgvQEJ2OtpCSAxRaugo+QafQKr3KMfZYGNCwbOHsHdPwnrymPJVPYN7D0Skpp9rLtw=="
    }
  },
  "dependencies": {
    "sawo": {
      "version": "1.0.2",
      "resolved": "https://registry.npmjs.org/sawo/-/sawo-1.0.2.tgz",
      "integrity": "sha512-o9N4Q+7u5pAkXf3jj4Q0UgvQEJ2OtpCSAxRaugo+QafQKr3KMfZYGNCwbOHsHdPwnrymPJVPYN7D0Skpp9rLtw=="
    }
  }
}
